
Microsoft Visual Studio Solution File, Format Version 12.00
# Visual Studio Version 16
VisualStudioVersion = 16.0.30907.101
MinimumVisualStudioVersion = 10.0.40219.1
Project("{FAE04EC0-301F-11D3-BF4B-00C04F79EFBC}") = "WhileDoWhileSchleifen", "WhileDoWhileSchleifen\WhileDoWhileSchleifen.csproj", "{B63FAFFE-72C2-45E9-8A71-9A07A81590B6}"
EndProject
Global
	GlobalSection(SolutionConfigurationPlatforms) = preSolution
		Debug|Any CPU = Debug|Any CPU
		Release|Any CPU = Release|Any CPU
	EndGlobalSection
	GlobalSection(ProjectConfigurationPlatforms) = postSolution
		{B63FAFFE-72C2-45E9-8A71-9A07A81590B6}.Debug|Any CPU.ActiveCfg = Debug|Any CPU
		{B63FAFFE-72C2-45E9-8A71-9A07A81590B6}.Debug|Any CPU.Build.0 = Debug|Any CPU
		{B63FAFFE-72C2-45E9-8A71-9A07A81590B6}.Release|Any CPU.ActiveCfg = Release|Any CPU
		{B63FAFFE-72C2-45E9-8A71-9A07A81590B6}.Release|Any CPU.Build.0 = Release|Any CPU
	EndGlobalSection
	GlobalSection(SolutionProperties) = preSolution
		HideSolutionNode = FALSE
	EndGlobalSection
	GlobalSection(ExtensibilityGlobals) = postSolution
		SolutionGuid = {7BA3459F-F2CE-4BA1-AAEB-D33BCE008832}
	EndGlobalSection
EndGlobal
